{
  "name": "kleros",
  "version": "0.0.5",
  "lockfileVersion": 1,
  "requires": true,
  "dependencies": {
    "kleros-interaction": {
      "version": "0.0.9",
      "resolved": "https://registry.npmjs.org/kleros-interaction/-/kleros-interaction-0.0.9.tgz",
      "integrity": "sha512-EuTKVxDHE1J9tgsZNQ48EREs/UU6CqyXHNaRRrtmISF7oPVzQu8WvfVBGiiVIqrMzw+U9D2BSUVUNoVpqle33Q==",
      "requires": {
        "zeppelin-solidity": "1.4.0"
      }
    },
    "zeppelin-solidity": {
      "version": "1.4.0",
      "resolved": "https://registry.npmjs.org/zeppelin-solidity/-/zeppelin-solidity-1.4.0.tgz",
      "integrity": "sha512-eJfD1Zf0ZP2m0oYnB/HM7JPJ81MNjs3qt+c/TRd5kvCSOU3EfYNHz5YfFgzkJzvPUGs0Zg8spzGROlqXShvisg=="
    }
  }
}
