{
  "name": "kleros",
  "version": "0.0.1",
  "lockfileVersion": 1,
  "requires": true,
  "dependencies": {
    "kleros-interaction": {
      "version": "0.0.1",
      "resolved": "https://registry.npmjs.org/kleros-interaction/-/kleros-interaction-0.0.1.tgz",
      "integrity": "sha512-hOm682yHNQi3jHZRnFqqtOeKOMBmeq6x3XQ0dQ94qYLXaydorS05oWCdbDhgl8Jcet/mJtVebLzTAmzPfXLqHw=="
    },
    "zeppelin-solidity": {
      "version": "1.3.0",
      "resolved": "https://registry.npmjs.org/zeppelin-solidity/-/zeppelin-solidity-1.3.0.tgz",
      "integrity": "sha512-q+WyqvQjE5gpKgXrhD8LBh0Njg7GI/zs4lKX14y0j7ISJIxe68hihSjaMU05V0M0qAbxgRC43AFTt7CxNsO8nQ=="
    }
  }
}
